<?xml version="1.0" encoding="utf-8"?>
<Project ToolsVersion="4.0" xmlns="http://schemas.microsoft.com/developer/msbuild/2003">
  <ItemGroup>
    <Filter Include="Quelldateien">
      <UniqueIdentifier>{4FC737F1-C7A5-4376-A066-2A32D752A2FF}</UniqueIdentifier>
      <Extensions>cpp;c;cc;cxx;c++;cppm;ixx;def;odl;idl;hpj;bat;asm;asmx</Extensions>
    </Filter>
    <Filter Include="Headerdateien">
      <UniqueIdentifier>{93995380-89BD-4b04-88EB-625FBE52EBFB}</UniqueIdentifier>
      <Extensions>h;hh;hpp;hxx;h++;hm;inl;inc;ipp;xsd</Extensions>
    </Filter>
    <Filter Include="Ressourcendateien">
      <UniqueIdentifier>{67DA6AB6-F800-4c08-8B7A-83BB121AAD01}</UniqueIdentifier>
      <Extensions>rc;ico;cur;bmp;dlg;rc2;rct;bin;rgs;gif;jpg;jpeg;jpe;resx;tiff;tif;png;wav;mfcribbon-ms</Extensions>
    </Filter>
  </ItemGroup>
  <ItemGroup>
    <ClCompile Include="entry.cc">
      <Filter>Quelldateien</Filter>
    </ClCompile>
    <ClCompile Include="Dependencies\UI\Backend\imgui_impl_dx11.cpp">
      <Filter>Quelldateien</Filter>
    </ClCompile>
    <ClCompile Include="Dependencies\UI\Backend\imgui_impl_win32.cpp">
      <Filter>Quelldateien</Filter>
    </ClCompile>
    <ClCompile Include="Dependencies\UI\Drawing\imgui.cpp">
      <Filter>Quelldateien</Filter>
    </ClCompile>
    <ClCompile Include="Dependencies\UI\Drawing\imgui_draw.cpp">
      <Filter>Quelldateien</Filter>
    </ClCompile>
    <ClCompile Include="Dependencies\UI\Drawing\imgui_tables.cpp">
      <Filter>Quelldateien</Filter>
    </ClCompile>
    <ClCompile Include="Dependencies\UI\Drawing\imgui_widgets.cpp">
      <Filter>Quelldateien</Filter>
    </ClCompile>
    <ClCompile Include="Dependencies\UI\Renderer\c_overlay.cpp">
      <Filter>Quelldateien</Filter>
    </ClCompile>
    <ClCompile Include="Dependencies\UI\Backend\custom.cpp">
      <Filter>Quelldateien</Filter>
    </ClCompile>
    <ClCompile Include="Dependencies\UI\Drawing\imgui_tricks.cpp">
      <Filter>Quelldateien</Filter>
    </ClCompile>
  </ItemGroup>
  <ItemGroup>
    <ClInclude Include="Includes\includes.hpp">
      <Filter>Headerdateien</Filter>
    </ClInclude>
    <ClInclude Include="Includes\call.hh">
      <Filter>Headerdateien</Filter>
    </ClInclude>
    <ClInclude Include="Dependencies\Protection\Basic\IAT\IAT.hpp">
      <Filter>Headerdateien</Filter>
    </ClInclude>
    <ClInclude Include="Dependencies\Fortnite\loop.hpp">
      <Filter>Headerdateien</Filter>
    </ClInclude>
    <ClInclude Include="Dependencies\Mouse\Handler.hpp">
      <Filter>Headerdateien</Filter>
    </ClInclude>
    <ClInclude Include="Dependencies\UI\Backend\imgui_impl_dx11.h">
      <Filter>Headerdateien</Filter>
    </ClInclude>
    <ClInclude Include="Dependencies\UI\Backend\imgui_impl_win32.h">
      <Filter>Headerdateien</Filter>
    </ClInclude>
    <ClInclude Include="Dependencies\UI\Drawing\imconfig.h">
      <Filter>Headerdateien</Filter>
    </ClInclude>
    <ClInclude Include="Dependencies\UI\Drawing\imgui.h">
      <Filter>Headerdateien</Filter>
    </ClInclude>
    <ClInclude Include="Dependencies\UI\Drawing\imgui_internal.h">
      <Filter>Headerdateien</Filter>
    </ClInclude>
    <ClInclude Include="Dependencies\UI\Drawing\imstb_rectpack.h">
      <Filter>Headerdateien</Filter>
    </ClInclude>
    <ClInclude Include="Dependencies\UI\Drawing\imstb_textedit.h">
      <Filter>Headerdateien</Filter>
    </ClInclude>
    <ClInclude Include="Dependencies\UI\Drawing\imstb_truetype.h">
      <Filter>Headerdateien</Filter>
    </ClInclude>
    <ClInclude Include="Dependencies\UI\Menu\menu.hpp">
      <Filter>Headerdateien</Filter>
    </ClInclude>
    <ClInclude Include="Dependencies\UI\Renderer\c_overlay.h">
      <Filter>Headerdateien</Filter>
    </ClInclude>
    <ClInclude Include="Includes\Definitions\c_definitions.hpp">
      <Filter>Headerdateien</Filter>
    </ClInclude>
    <ClInclude Include="Dependencies\UI\Fonts\ubuntu_bold.h">
      <Filter>Headerdateien</Filter>
    </ClInclude>
    <ClInclude Include="Dependencies\UI\Fonts\ubuntu_medium.h">
      <Filter>Headerdateien</Filter>
    </ClInclude>
    <ClInclude Include="Dependencies\UI\Fonts\ubunutu_regular.h">
      <Filter>Headerdateien</Filter>
    </ClInclude>
    <ClInclude Include="Dependencies\UI\Fonts\Extras\colors.h">
      <Filter>Headerdateien</Filter>
    </ClInclude>
    <ClInclude Include="Dependencies\UI\Fonts\Extras\icons.h">
      <Filter>Headerdateien</Filter>
    </ClInclude>
    <ClInclude Include="Dependencies\Fortnite\Game\UE_Defnitions\Enums.hpp">
      <Filter>Headerdateien</Filter>
    </ClInclude>
    <ClInclude Include="Dependencies\Fortnite\Game\UE_Defnitions\UE5.hpp">
      <Filter>Headerdateien</Filter>
    </ClInclude>
    <ClInclude Include="Dependencies\UI\Framework\Drawing.hpp">
      <Filter>Headerdateien</Filter>
    </ClInclude>
    <ClInclude Include="Dependencies\Console\CCli.hpp">
      <Filter>Headerdateien</Filter>
    </ClInclude>
    <ClInclude Include="Dependencies\Protection\Basic\Strings\xor.hpp">
      <Filter>Headerdateien</Filter>
    </ClInclude>
    <ClInclude Include="Dependencies\Protection\Basic\Function\func_spoof.hpp">
      <Filter>Headerdateien</Filter>
    </ClInclude>
    <ClInclude Include="Dependencies\Fortnite\Game\UE_Functions\UEFunctions.hpp">
      <Filter>Headerdateien</Filter>
    </ClInclude>
    <ClInclude Include="Includes\Definitions\hex_definitions.hpp">
      <Filter>Headerdateien</Filter>
    </ClInclude>
    <ClInclude Include="Dependencies\Kernel\definitions\structs.h">
      <Filter>Headerdateien</Filter>
    </ClInclude>
    <ClInclude Include="Includes\Definitions\xorst.h">
      <Filter>Headerdateien</Filter>
    </ClInclude>
    <ClInclude Include="Includes\Definitions\skcrypt.h">
      <Filter>Headerdateien</Filter>
    </ClInclude>
    <ClInclude Include="Dependencies\Fortnite\drawing.hpp">
      <Filter>Headerdateien</Filter>
    </ClInclude>
    <ClInclude Include="Dependencies\Fortnite\Game\UE_Functions\UEUtils.hpp">
      <Filter>Headerdateien</Filter>
    </ClInclude>
    <ClInclude Include="Dependencies\UI\Backend\custom.hpp">
      <Filter>Headerdateien</Filter>
    </ClInclude>
    <ClInclude Include="Dependencies\UI\Drawing\imgui_tricks.hpp">
      <Filter>Headerdateien</Filter>
    </ClInclude>
    <ClInclude Include="Dependencies\Kernel\driver.hpp">
      <Filter>Headerdateien</Filter>
    </ClInclude>
    <ClInclude Include="Dependencies\Kernel\definitions\mouse-defines.h">
      <Filter>Headerdateien</Filter>
    </ClInclude>
    <ClInclude Include="Dependencies\Fortnite\Game\aimbot.hpp">
      <Filter>Headerdateien</Filter>
    </ClInclude>
    <ClInclude Include="Includes\map_driver.hpp">
      <Filter>Headerdateien</Filter>
    </ClInclude>
  </ItemGroup>
  <ItemGroup>
    <MASM Include="Dependencies\Kernel\direct.asm">
      <Filter>Quelldateien</Filter>
    </MASM>
    <MASM Include="Dependencies\Kernel\assembly\direct.asm">
      <Filter>Quelldateien</Filter>
    </MASM>
  </ItemGroup>
  <ItemGroup>
    <Object Include="Dependencies\Kernel\assembly\driver.obj" />
  </ItemGroup>
</Project>